
Microsoft Visual Studio Solution File, Format Version 12.00
# Visual Studio 14
VisualStudioVersion = 14.0.24720.0
MinimumVisualStudioVersion = 10.0.40219.1
Project("{FAE04EC0-301F-11D3-BF4B-00C04F79EFBC}") = "Azure-ApiHub-Sdk", "src\Azure-ApiHub-Sdk.csproj", "{F8356D27-805D-4ECD-95BF-8CC08063EB02}"
EndProject
Project("{2150E333-8FDC-42A3-9474-1A3956D46DE8}") = ".nuget", ".nuget", "{F766ACD8-0972-4E45-848F-29CDE233F933}"
	ProjectSection(SolutionItems) = preProject
		Azure-ApiHub-Sdk.nuspec = Azure-ApiHub-Sdk.nuspec
		.nuget\packages.config = .nuget\packages.config
	EndProjectSection
EndProject
Project("{2150E333-8FDC-42A3-9474-1A3956D46DE8}") = "Solution Items", "Solution Items", "{BFD496CE-0E4F-45A6-ABDA-0C151709CC2C}"
	ProjectSection(SolutionItems) = preProject
		.gitignore = .gitignore
		BuildPackage.cmd = BuildPackage.cmd
	EndProjectSection
EndProject
Project("{FAE04EC0-301F-11D3-BF4B-00C04F79EFBC}") = "Azure-ApiHub-Sdk-Samples", "samples\Azure-ApiHub-Sdk-Samples\Azure-ApiHub-Sdk-Samples.csproj", "{99FED33F-B129-4E26-87B1-B7F770489A0B}"
EndProject
Global
	GlobalSection(SolutionConfigurationPlatforms) = preSolution
		Debug|Any CPU = Debug|Any CPU
		Release|Any CPU = Release|Any CPU
	EndGlobalSection
	GlobalSection(ProjectConfigurationPlatforms) = postSolution
		{F8356D27-805D-4ECD-95BF-8CC08063EB02}.Debug|Any CPU.ActiveCfg = Debug|Any CPU
		{F8356D27-805D-4ECD-95BF-8CC08063EB02}.Debug|Any CPU.Build.0 = Debug|Any CPU
		{F8356D27-805D-4ECD-95BF-8CC08063EB02}.Release|Any CPU.ActiveCfg = Release|Any CPU
		{F8356D27-805D-4ECD-95BF-8CC08063EB02}.Release|Any CPU.Build.0 = Release|Any CPU
		{99FED33F-B129-4E26-87B1-B7F770489A0B}.Debug|Any CPU.ActiveCfg = Debug|Any CPU
		{99FED33F-B129-4E26-87B1-B7F770489A0B}.Debug|Any CPU.Build.0 = Debug|Any CPU
		{99FED33F-B129-4E26-87B1-B7F770489A0B}.Release|Any CPU.ActiveCfg = Release|Any CPU
		{99FED33F-B129-4E26-87B1-B7F770489A0B}.Release|Any CPU.Build.0 = Release|Any CPU
	EndGlobalSection
	GlobalSection(SolutionProperties) = preSolution
		HideSolutionNode = FALSE
	EndGlobalSection
EndGlobal
